// !$*UTF8*$!
{
	archiveVersion = 1;
	classes = {
	};
	objectVersion = 46;
	objects = {

/* Begin PBXBuildFile section */
		80E2B5C413FA0A0A001AE546 /* libz.dylib in Frameworks */ = {isa = PBXBuildFile; fileRef = 80E2B5C313FA0A0A001AE546 /* libz.dylib */; };
		80E2B5C613FA0A18001AE546 /* libcrypto_leopard_sdk.dylib in Frameworks */ = {isa = PBXBuildFile; fileRef = 80E2B5C513FA0A18001AE546 /* libcrypto_leopard_sdk.dylib */; };
		80E2B67213FA0B42001AE546 /* agent.c in Sources */ = {isa = PBXBuildFile; fileRef = 80E2B64B13FA0B42001AE546 /* agent.c */; };
		80E2B67313FA0B42001AE546 /* channel.c in Sources */ = {isa = PBXBuildFile; fileRef = 80E2B64C13FA0B42001AE546 /* channel.c */; };
		80E2B67513FA0B42001AE546 /* comp.c in Sources */ = {isa = PBXBuildFile; fileRef = 80E2B64E13FA0B42001AE546 /* comp.c */; };
		80E2B67713FA0B42001AE546 /* crypt.c in Sources */ = {isa = PBXBuildFile; fileRef = 80E2B65013FA0B42001AE546 /* crypt.c */; };
		80E2B67913FA0B42001AE546 /* global.c in Sources */ = {isa = PBXBuildFile; fileRef = 80E2B65213FA0B42001AE546 /* global.c */; };
		80E2B67A13FA0B42001AE546 /* hostkey.c in Sources */ = {isa = PBXBuildFile; fileRef = 80E2B65313FA0B42001AE546 /* hostkey.c */; };
		80E2B67B13FA0B42001AE546 /* keepalive.c in Sources */ = {isa = PBXBuildFile; fileRef = 80E2B65413FA0B42001AE546 /* keepalive.c */; };
		80E2B67C13FA0B42001AE546 /* kex.c in Sources */ = {isa = PBXBuildFile; fileRef = 80E2B65513FA0B42001AE546 /* kex.c */; };
		80E2B67D13FA0B42001AE546 /* knownhost.c in Sources */ = {isa = PBXBuildFile; fileRef = 80E2B65613FA0B42001AE546 /* knownhost.c */; };
		80E2B67E13FA0B42001AE546 /* libgcrypt.c in Sources */ = {isa = PBXBuildFile; fileRef = 80E2B65713FA0B42001AE546 /* libgcrypt.c */; };
		80E2B68113FA0B42001AE546 /* mac.c in Sources */ = {isa = PBXBuildFile; fileRef = 80E2B65B13FA0B42001AE546 /* mac.c */; };
		80E2B68313FA0B42001AE546 /* misc.c in Sources */ = {isa = PBXBuildFile; fileRef = 80E2B65F13FA0B42001AE546 /* misc.c */; };
		80E2B68513FA0B42001AE546 /* openssl.c in Sources */ = {isa = PBXBuildFile; fileRef = 80E2B66213FA0B42001AE546 /* openssl.c */; };
		80E2B68713FA0B42001AE546 /* packet.c in Sources */ = {isa = PBXBuildFile; fileRef = 80E2B66413FA0B42001AE546 /* packet.c */; };
		80E2B68913FA0B42001AE546 /* pem.c in Sources */ = {isa = PBXBuildFile; fileRef = 80E2B66613FA0B42001AE546 /* pem.c */; };
		80E2B68A13FA0B42001AE546 /* publickey.c in Sources */ = {isa = PBXBuildFile; fileRef = 80E2B66713FA0B42001AE546 /* publickey.c */; };
		80E2B68B13FA0B42001AE546 /* scp.c in Sources */ = {isa = PBXBuildFile; fileRef = 80E2B66813FA0B42001AE546 /* scp.c */; };
		80E2B68C13FA0B42001AE546 /* session.c in Sources */ = {isa = PBXBuildFile; fileRef = 80E2B66913FA0B42001AE546 /* session.c */; };
		80E2B68E13FA0B42001AE546 /* sftp.c in Sources */ = {isa = PBXBuildFile; fileRef = 80E2B66B13FA0B42001AE546 /* sftp.c */; };
		80E2B69013FA0B42001AE546 /* transport.c in Sources */ = {isa = PBXBuildFile; fileRef = 80E2B66D13FA0B42001AE546 /* transport.c */; };
		80E2B69213FA0B42001AE546 /* userauth.c in Sources */ = {isa = PBXBuildFile; fileRef = 80E2B66F13FA0B42001AE546 /* userauth.c */; };
		80E2B69413FA0B42001AE546 /* version.c in Sources */ = {isa = PBXBuildFile; fileRef = 80E2B67113FA0B42001AE546 /* version.c */; };
/* End PBXBuildFile section */

/* Begin PBXFileReference section */
		80E2B5B413FA07D2001AE546 /* libssh2.dylib */ = {isa = PBXFileReference; explicitFileType = "compiled.mach-o.dylib"; includeInIndex = 0; path = libssh2.dylib; sourceTree = BUILT_PRODUCTS_DIR; };
		80E2B5C313FA0A0A001AE546 /* libz.dylib */ = {isa = PBXFileReference; lastKnownFileType = "compiled.mach-o.dylib"; name = libz.dylib; path = usr/lib/libz.dylib; sourceTree = SDKROOT; };
		80E2B5C513FA0A18001AE546 /* libcrypto_leopard_sdk.dylib */ = {isa = PBXFileReference; lastKnownFileType = "compiled.mach-o.dylib"; name = libcrypto_leopard_sdk.dylib; path = libcrypto_097_from_10_5_sdk/libcrypto_leopard_sdk.dylib; sourceTree = "<group>"; };
		80E2B5C913FA0A53001AE546 /* aes.h */ = {isa = PBXFileReference; fileEncoding = 4; lastKnownFileType = sourcecode.c.h; path = aes.h; sourceTree = "<group>"; };
		80E2B5CA13FA0A53001AE546 /* asn1.h */ = {isa = PBXFileReference; fileEncoding = 4; lastKnownFileType = sourcecode.c.h; path = asn1.h; sourceTree = "<group>"; };
		80E2B5CB13FA0A53001AE546 /* asn1_mac.h */ = {isa = PBXFileReference; fileEncoding = 4; lastKnownFileType = sourcecode.c.h; path = asn1_mac.h; sourceTree = "<group>"; };
		80E2B5CC13FA0A53001AE546 /* asn1t.h */ = {isa = PBXFileReference; fileEncoding = 4; lastKnownFileType = sourcecode.c.h; path = asn1t.h; sourceTree = "<group>"; };
		80E2B5CD13FA0A53001AE546 /* bio.h */ = {isa = PBXFileReference; fileEncoding = 4; lastKnownFileType = sourcecode.c.h; path = bio.h; sourceTree = "<group>"; };
		80E2B5CE13FA0A53001AE546 /* blowfish.h */ = {isa = PBXFileReference; fileEncoding = 4; lastKnownFileType = sourcecode.c.h; path = blowfish.h; sourceTree = "<group>"; };
		80E2B5CF13FA0A53001AE546 /* bn.h */ = {isa = PBXFileReference; fileEncoding = 4; lastKnownFileType = sourcecode.c.h; path = bn.h; sourceTree = "<group>"; };
		80E2B5D013FA0A53001AE546 /* buffer.h */ = {isa = PBXFileReference; fileEncoding = 4; lastKnownFileType = sourcecode.c.h; path = buffer.h; sourceTree = "<group>"; };
		80E2B5D113FA0A53001AE546 /* cast.h */ = {isa = PBXFileReference; fileEncoding = 4; lastKnownFileType = sourcecode.c.h; path = cast.h; sourceTree = "<group>"; };
		80E2B5D213FA0A53001AE546 /* comp.h */ = {isa = PBXFileReference; fileEncoding = 4; lastKnownFileType = sourcecode.c.h; path = comp.h; sourceTree = "<group>"; };
		80E2B5D313FA0A53001AE546 /* conf.h */ = {isa = PBXFileReference; fileEncoding = 4; lastKnownFileType = sourcecode.c.h; path = conf.h; sourceTree = "<group>"; };
		80E2B5D413FA0A53001AE546 /* conf_api.h */ = {isa = PBXFileReference; fileEncoding = 4; lastKnownFileType = sourcecode.c.h; path = conf_api.h; sourceTree = "<group>"; };
		80E2B5D513FA0A53001AE546 /* crypto.h */ = {isa = PBXFileReference; fileEncoding = 4; lastKnownFileType = sourcecode.c.h; path = crypto.h; sourceTree = "<group>"; };
		80E2B5D613FA0A53001AE546 /* des.h */ = {isa = PBXFileReference; fileEncoding = 4; lastKnownFileType = sourcecode.c.h; path = des.h; sourceTree = "<group>"; };
		80E2B5D713FA0A53001AE546 /* des_old.h */ = {isa = PBXFileReference; fileEncoding = 4; lastKnownFileType = sourcecode.c.h; path = des_old.h; sourceTree = "<group>"; };
		80E2B5D813FA0A53001AE546 /* dh.h */ = {isa = PBXFileReference; fileEncoding = 4; lastKnownFileType = sourcecode.c.h; path = dh.h; sourceTree = "<group>"; };
		80E2B5D913FA0A53001AE546 /* dsa.h */ = {isa = PBXFileReference; fileEncoding = 4; lastKnownFileType = sourcecode.c.h; path = dsa.h; sourceTree = "<group>"; };
		80E2B5DA13FA0A53001AE546 /* dso.h */ = {isa = PBXFileReference; fileEncoding = 4; lastKnownFileType = sourcecode.c.h; path = dso.h; sourceTree = "<group>"; };
		80E2B5DB13FA0A53001AE546 /* e_os2.h */ = {isa = PBXFileReference; fileEncoding = 4; lastKnownFileType = sourcecode.c.h; path = e_os2.h; sourceTree = "<group>"; };
		80E2B5DC13FA0A53001AE546 /* ebcdic.h */ = {isa = PBXFileReference; fileEncoding = 4; lastKnownFileType = sourcecode.c.h; path = ebcdic.h; sourceTree = "<group>"; };
		80E2B5DD13FA0A53001AE546 /* ec.h */ = {isa = PBXFileReference; fileEncoding = 4; lastKnownFileType = sourcecode.c.h; path = ec.h; sourceTree = "<group>"; };
		80E2B5DE13FA0A53001AE546 /* engine.h */ = {isa = PBXFileReference; fileEncoding = 4; lastKnownFileType = sourcecode.c.h; path = engine.h; sourceTree = "<group>"; };
		80E2B5DF13FA0A53001AE546 /* err.h */ = {isa = PBXFileReference; fileEncoding = 4; lastKnownFileType = sourcecode.c.h; path = err.h; sourceTree = "<group>"; };
		80E2B5E013FA0A53001AE546 /* evp.h */ = {isa = PBXFileReference; fileEncoding = 4; lastKnownFileType = sourcecode.c.h; path = evp.h; sourceTree = "<group>"; };
		80E2B5E113FA0A53001AE546 /* hmac.h */ = {isa = PBXFileReference; fileEncoding = 4; lastKnownFileType = sourcecode.c.h; path = hmac.h; sourceTree = "<group>"; };
		80E2B5E213FA0A53001AE546 /* krb5_asn.h */ = {isa = PBXFileReference; fileEncoding = 4; lastKnownFileType = sourcecode.c.h; path = krb5_asn.h; sourceTree = "<group>"; };
		80E2B5E313FA0A53001AE546 /* kssl.h */ = {isa = PBXFileReference; fileEncoding = 4; lastKnownFileType = sourcecode.c.h; path = kssl.h; sourceTree = "<group>"; };
		80E2B5E413FA0A53001AE546 /* lhash.h */ = {isa = PBXFileReference; fileEncoding = 4; lastKnownFileType = sourcecode.c.h; path = lhash.h; sourceTree = "<group>"; };
		80E2B5E513FA0A53001AE546 /* md2.h */ = {isa = PBXFileReference; fileEncoding = 4; lastKnownFileType = sourcecode.c.h; path = md2.h; sourceTree = "<group>"; };
		80E2B5E613FA0A53001AE546 /* md4.h */ = {isa = PBXFileReference; fileEncoding = 4; lastKnownFileType = sourcecode.c.h; path = md4.h; sourceTree = "<group>"; };
		80E2B5E713FA0A53001AE546 /* md5.h */ = {isa = PBXFileReference; fileEncoding = 4; lastKnownFileType = sourcecode.c.h; path = md5.h; sourceTree = "<group>"; };
		80E2B5E813FA0A53001AE546 /* mdc2.h */ = {isa = PBXFileReference; fileEncoding = 4; lastKnownFileType = sourcecode.c.h; path = mdc2.h; sourceTree = "<group>"; };
		80E2B5E913FA0A53001AE546 /* obj_mac.h */ = {isa = PBXFileReference; fileEncoding = 4; lastKnownFileType = sourcecode.c.h; path = obj_mac.h; sourceTree = "<group>"; };
		80E2B5EA13FA0A53001AE546 /* objects.h */ = {isa = PBXFileReference; fileEncoding = 4; lastKnownFileType = sourcecode.c.h; path = objects.h; sourceTree = "<group>"; };
		80E2B5EB13FA0A53001AE546 /* ocsp.h */ = {isa = PBXFileReference; fileEncoding = 4; lastKnownFileType = sourcecode.c.h; path = ocsp.h; sourceTree = "<group>"; };
		80E2B5EC13FA0A53001AE546 /* opensslconf.h */ = {isa = PBXFileReference; fileEncoding = 4; lastKnownFileType = sourcecode.c.h; path = opensslconf.h; sourceTree = "<group>"; };
		80E2B5ED13FA0A53001AE546 /* opensslv.h */ = {isa = PBXFileReference; fileEncoding = 4; lastKnownFileType = sourcecode.c.h; path = opensslv.h; sourceTree = "<group>"; };
		80E2B5EE13FA0A53001AE546 /* ossl_typ.h */ = {isa = PBXFileReference; fileEncoding = 4; lastKnownFileType = sourcecode.c.h; path = ossl_typ.h; sourceTree = "<group>"; };
		80E2B5EF13FA0A53001AE546 /* pem.h */ = {isa = PBXFileReference; fileEncoding = 4; lastKnownFileType = sourcecode.c.h; path = pem.h; sourceTree = "<group>"; };
		80E2B5F013FA0A53001AE546 /* pem2.h */ = {isa = PBXFileReference; fileEncoding = 4; lastKnownFileType = sourcecode.c.h; path = pem2.h; sourceTree = "<group>"; };
		80E2B5F113FA0A53001AE546 /* pkcs12.h */ = {isa = PBXFileReference; fileEncoding = 4; lastKnownFileType = sourcecode.c.h; path = pkcs12.h; sourceTree = "<group>"; };
		80E2B5F213FA0A53001AE546 /* pkcs7.h */ = {isa = PBXFileReference; fileEncoding = 4; lastKnownFileType = sourcecode.c.h; path = pkcs7.h; sourceTree = "<group>"; };
		80E2B5F313FA0A53001AE546 /* rand.h */ = {isa = PBXFileReference; fileEncoding = 4; lastKnownFileType = sourcecode.c.h; path = rand.h; sourceTree = "<group>"; };
		80E2B5F413FA0A53001AE546 /* rc2.h */ = {isa = PBXFileReference; fileEncoding = 4; lastKnownFileType = sourcecode.c.h; path = rc2.h; sourceTree = "<group>"; };
		80E2B5F513FA0A53001AE546 /* rc4.h */ = {isa = PBXFileReference; fileEncoding = 4; lastKnownFileType = sourcecode.c.h; path = rc4.h; sourceTree = "<group>"; };
		80E2B5F613FA0A53001AE546 /* rc5.h */ = {isa = PBXFileReference; fileEncoding = 4; lastKnownFileType = sourcecode.c.h; path = rc5.h; sourceTree = "<group>"; };
		80E2B5F713FA0A53001AE546 /* ripemd.h */ = {isa = PBXFileReference; fileEncoding = 4; lastKnownFileType = sourcecode.c.h; path = ripemd.h; sourceTree = "<group>"; };
		80E2B5F813FA0A53001AE546 /* rsa.h */ = {isa = PBXFileReference; fileEncoding = 4; lastKnownFileType = sourcecode.c.h; path = rsa.h; sourceTree = "<group>"; };
		80E2B5F913FA0A53001AE546 /* safestack.h */ = {isa = PBXFileReference; fileEncoding = 4; lastKnownFileType = sourcecode.c.h; path = safestack.h; sourceTree = "<group>"; };
		80E2B5FA13FA0A53001AE546 /* sha.h */ = {isa = PBXFileReference; fileEncoding = 4; lastKnownFileType = sourcecode.c.h; path = sha.h; sourceTree = "<group>"; };
		80E2B5FB13FA0A53001AE546 /* ssl.h */ = {isa = PBXFileReference; fileEncoding = 4; lastKnownFileType = sourcecode.c.h; path = ssl.h; sourceTree = "<group>"; };
		80E2B5FC13FA0A53001AE546 /* ssl2.h */ = {isa = PBXFileReference; fileEncoding = 4; lastKnownFileType = sourcecode.c.h; path = ssl2.h; sourceTree = "<group>"; };
		80E2B5FD13FA0A53001AE546 /* ssl23.h */ = {isa = PBXFileReference; fileEncoding = 4; lastKnownFileType = sourcecode.c.h; path = ssl23.h; sourceTree = "<group>"; };
		80E2B5FE13FA0A53001AE546 /* ssl3.h */ = {isa = PBXFileReference; fileEncoding = 4; lastKnownFileType = sourcecode.c.h; path = ssl3.h; sourceTree = "<group>"; };
		80E2B5FF13FA0A53001AE546 /* stack.h */ = {isa = PBXFileReference; fileEncoding = 4; lastKnownFileType = sourcecode.c.h; path = stack.h; sourceTree = "<group>"; };
		80E2B60013FA0A53001AE546 /* symhacks.h */ = {isa = PBXFileReference; fileEncoding = 4; lastKnownFileType = sourcecode.c.h; path = symhacks.h; sourceTree = "<group>"; };
		80E2B60113FA0A53001AE546 /* tls1.h */ = {isa = PBXFileReference; fileEncoding = 4; lastKnownFileType = sourcecode.c.h; path = tls1.h; sourceTree = "<group>"; };
		80E2B60213FA0A53001AE546 /* tmdiff.h */ = {isa = PBXFileReference; fileEncoding = 4; lastKnownFileType = sourcecode.c.h; path = tmdiff.h; sourceTree = "<group>"; };
		80E2B60313FA0A53001AE546 /* txt_db.h */ = {isa = PBXFileReference; fileEncoding = 4; lastKnownFileType = sourcecode.c.h; path = txt_db.h; sourceTree = "<group>"; };
		80E2B60413FA0A53001AE546 /* ui.h */ = {isa = PBXFileReference; fileEncoding = 4; lastKnownFileType = sourcecode.c.h; path = ui.h; sourceTree = "<group>"; };
		80E2B60513FA0A53001AE546 /* ui_compat.h */ = {isa = PBXFileReference; fileEncoding = 4; lastKnownFileType = sourcecode.c.h; path = ui_compat.h; sourceTree = "<group>"; };
		80E2B60613FA0A53001AE546 /* x509.h */ = {isa = PBXFileReference; fileEncoding = 4; lastKnownFileType = sourcecode.c.h; path = x509.h; sourceTree = "<group>"; };
		80E2B60713FA0A53001AE546 /* x509_vfy.h */ = {isa = PBXFileReference; fileEncoding = 4; lastKnownFileType = sourcecode.c.h; path = x509_vfy.h; sourceTree = "<group>"; };
		80E2B60813FA0A53001AE546 /* x509v3.h */ = {isa = PBXFileReference; fileEncoding = 4; lastKnownFileType = sourcecode.c.h; path = x509v3.h; sourceTree = "<group>"; };
		80E2B64B13FA0B42001AE546 /* agent.c */ = {isa = PBXFileReference; fileEncoding = 4; lastKnownFileType = sourcecode.c.c; path = agent.c; sourceTree = "<group>"; };
		80E2B64C13FA0B42001AE546 /* channel.c */ = {isa = PBXFileReference; fileEncoding = 4; lastKnownFileType = sourcecode.c.c; path = channel.c; sourceTree = "<group>"; };
		80E2B64D13FA0B42001AE546 /* channel.h */ = {isa = PBXFileReference; fileEncoding = 4; lastKnownFileType = sourcecode.c.h; path = channel.h; sourceTree = "<group>"; };
		80E2B64E13FA0B42001AE546 /* comp.c */ = {isa = PBXFileReference; fileEncoding = 4; lastKnownFileType = sourcecode.c.c; path = comp.c; sourceTree = "<group>"; };
		80E2B64F13FA0B42001AE546 /* comp.h */ = {isa = PBXFileReference; fileEncoding = 4; lastKnownFileType = sourcecode.c.h; path = comp.h; sourceTree = "<group>"; };
		80E2B65013FA0B42001AE546 /* crypt.c */ = {isa = PBXFileReference; fileEncoding = 4; lastKnownFileType = sourcecode.c.c; path = crypt.c; sourceTree = "<group>"; };
		80E2B65113FA0B42001AE546 /* crypto.h */ = {isa = PBXFileReference; fileEncoding = 4; lastKnownFileType = sourcecode.c.h; path = crypto.h; sourceTree = "<group>"; };
		80E2B65213FA0B42001AE546 /* global.c */ = {isa = PBXFileReference; fileEncoding = 4; lastKnownFileType = sourcecode.c.c; path = global.c; sourceTree = "<group>"; };
		80E2B65313FA0B42001AE546 /* hostkey.c */ = {isa = PBXFileReference; fileEncoding = 4; lastKnownFileType = sourcecode.c.c; path = hostkey.c; sourceTree = "<group>"; };
		80E2B65413FA0B42001AE546 /* keepalive.c */ = {isa = PBXFileReference; fileEncoding = 4; lastKnownFileType = sourcecode.c.c; path = keepalive.c; sourceTree = "<group>"; };
		80E2B65513FA0B42001AE546 /* kex.c */ = {isa = PBXFileReference; fileEncoding = 4; lastKnownFileType = sourcecode.c.c; path = kex.c; sourceTree = "<group>"; };
		80E2B65613FA0B42001AE546 /* knownhost.c */ = {isa = PBXFileReference; fileEncoding = 4; lastKnownFileType = sourcecode.c.c; path = knownhost.c; sourceTree = "<group>"; };
		80E2B65713FA0B42001AE546 /* libgcrypt.c */ = {isa = PBXFileReference; fileEncoding = 4; lastKnownFileType = sourcecode.c.c; path = libgcrypt.c; sourceTree = "<group>"; };
		80E2B65813FA0B42001AE546 /* libgcrypt.h */ = {isa = PBXFileReference; fileEncoding = 4; lastKnownFileType = sourcecode.c.h; path = libgcrypt.h; sourceTree = "<group>"; };
		80E2B65A13FA0B42001AE546 /* libssh2_priv.h */ = {isa = PBXFileReference; fileEncoding = 4; lastKnownFileType = sourcecode.c.h; path = libssh2_priv.h; sourceTree = "<group>"; };
		80E2B65B13FA0B42001AE546 /* mac.c */ = {isa = PBXFileReference; fileEncoding = 4; lastKnownFileType = sourcecode.c.c; path = mac.c; sourceTree = "<group>"; };
		80E2B65C13FA0B42001AE546 /* mac.h */ = {isa = PBXFileReference; fileEncoding = 4; lastKnownFileType = sourcecode.c.h; path = mac.h; sourceTree = "<group>"; };
		80E2B65F13FA0B42001AE546 /* misc.c */ = {isa = PBXFileReference; fileEncoding = 4; lastKnownFileType = sourcecode.c.c; path = misc.c; sourceTree = "<group>"; };
		80E2B66013FA0B42001AE546 /* misc.h */ = {isa = PBXFileReference; fileEncoding = 4; lastKnownFileType = sourcecode.c.h; path = misc.h; sourceTree = "<group>"; };
		80E2B66213FA0B42001AE546 /* openssl.c */ = {isa = PBXFileReference; fileEncoding = 4; lastKnownFileType = sourcecode.c.c; path = openssl.c; sourceTree = "<group>"; };
		80E2B66313FA0B42001AE546 /* openssl.h */ = {isa = PBXFileReference; fileEncoding = 4; lastKnownFileType = sourcecode.c.h; path = openssl.h; sourceTree = "<group>"; };
		80E2B66413FA0B42001AE546 /* packet.c */ = {isa = PBXFileReference; fileEncoding = 4; lastKnownFileType = sourcecode.c.c; path = packet.c; sourceTree = "<group>"; };
		80E2B66513FA0B42001AE546 /* packet.h */ = {isa = PBXFileReference; fileEncoding = 4; lastKnownFileType = sourcecode.c.h; path = packet.h; sourceTree = "<group>"; };
		80E2B66613FA0B42001AE546 /* pem.c */ = {isa = PBXFileReference; fileEncoding = 4; lastKnownFileType = sourcecode.c.c; path = pem.c; sourceTree = "<group>"; };
		80E2B66713FA0B42001AE546 /* publickey.c */ = {isa = PBXFileReference; fileEncoding = 4; lastKnownFileType = sourcecode.c.c; path = publickey.c; sourceTree = "<group>"; };
		80E2B66813FA0B42001AE546 /* scp.c */ = {isa = PBXFileReference; fileEncoding = 4; lastKnownFileType = sourcecode.c.c; path = scp.c; sourceTree = "<group>"; };
		80E2B66913FA0B42001AE546 /* session.c */ = {isa = PBXFileReference; fileEncoding = 4; lastKnownFileType = sourcecode.c.c; path = session.c; sourceTree = "<group>"; };
		80E2B66A13FA0B42001AE546 /* session.h */ = {isa = PBXFileReference; fileEncoding = 4; lastKnownFileType = sourcecode.c.h; path = session.h; sourceTree = "<group>"; };
		80E2B66B13FA0B42001AE546 /* sftp.c */ = {isa = PBXFileReference; fileEncoding = 4; lastKnownFileType = sourcecode.c.c; path = sftp.c; sourceTree = "<group>"; };
		80E2B66C13FA0B42001AE546 /* sftp.h */ = {isa = PBXFileReference; fileEncoding = 4; lastKnownFileType = sourcecode.c.h; path = sftp.h; sourceTree = "<group>"; };
		80E2B66D13FA0B42001AE546 /* transport.c */ = {isa = PBXFileReference; fileEncoding = 4; lastKnownFileType = sourcecode.c.c; path = transport.c; sourceTree = "<group>"; };
		80E2B66E13FA0B42001AE546 /* transport.h */ = {isa = PBXFileReference; fileEncoding = 4; lastKnownFileType = sourcecode.c.h; path = transport.h; sourceTree = "<group>"; };
		80E2B66F13FA0B42001AE546 /* userauth.c */ = {isa = PBXFileReference; fileEncoding = 4; lastKnownFileType = sourcecode.c.c; path = userauth.c; sourceTree = "<group>"; };
		80E2B67013FA0B42001AE546 /* userauth.h */ = {isa = PBXFileReference; fileEncoding = 4; lastKnownFileType = sourcecode.c.h; path = userauth.h; sourceTree = "<group>"; };
		80E2B67113FA0B42001AE546 /* version.c */ = {isa = PBXFileReference; fileEncoding = 4; lastKnownFileType = sourcecode.c.c; path = version.c; sourceTree = "<group>"; };
		80E2B69613FA0B4F001AE546 /* libssh2.h */ = {isa = PBXFileReference; fileEncoding = 4; lastKnownFileType = sourcecode.c.h; path = libssh2.h; sourceTree = "<group>"; };
		80E2B69713FA0B4F001AE546 /* libssh2_publickey.h */ = {isa = PBXFileReference; fileEncoding = 4; lastKnownFileType = sourcecode.c.h; path = libssh2_publickey.h; sourceTree = "<group>"; };
		80E2B69813FA0B4F001AE546 /* libssh2_sftp.h */ = {isa = PBXFileReference; fileEncoding = 4; lastKnownFileType = sourcecode.c.h; path = libssh2_sftp.h; sourceTree = "<group>"; };
		80E2B69D13FA0C99001AE546 /* libssh2_config.h */ = {isa = PBXFileReference; fileEncoding = 4; lastKnownFileType = sourcecode.c.h; path = libssh2_config.h; sourceTree = "<group>"; };
/* End PBXFileReference section */

/* Begin PBXFrameworksBuildPhase section */
		80E2B5B113FA07D2001AE546 /* Frameworks */ = {
			isa = PBXFrameworksBuildPhase;
			buildActionMask = 2147483647;
			files = (
				80E2B5C613FA0A18001AE546 /* libcrypto_leopard_sdk.dylib in Frameworks */,
				80E2B5C413FA0A0A001AE546 /* libz.dylib in Frameworks */,
			);
			runOnlyForDeploymentPostprocessing = 0;
		};
/* End PBXFrameworksBuildPhase section */

/* Begin PBXGroup section */
		80E2B5A913FA07D2001AE546 = {
			isa = PBXGroup;
			children = (
				80E2B64913FA0AFE001AE546 /* libssh2 */,
				80E2B5C713FA0A2F001AE546 /* openssl 097 headers */,
				80E2B5C513FA0A18001AE546 /* libcrypto_leopard_sdk.dylib */,
				80E2B5C313FA0A0A001AE546 /* libz.dylib */,
				80E2B5B513FA07D2001AE546 /* Products */,
			);
			sourceTree = "<group>";
		};
		80E2B5B513FA07D2001AE546 /* Products */ = {
			isa = PBXGroup;
			children = (
				80E2B5B413FA07D2001AE546 /* libssh2.dylib */,
			);
			name = Products;
			sourceTree = "<group>";
		};
		80E2B5C713FA0A2F001AE546 /* openssl 097 headers */ = {
			isa = PBXGroup;
			children = (
				80E2B5C813FA0A53001AE546 /* openssl */,
			);
			name = "openssl 097 headers";
			sourceTree = "<group>";
		};
		80E2B5C813FA0A53001AE546 /* openssl */ = {
			isa = PBXGroup;
			children = (
				80E2B5C913FA0A53001AE546 /* aes.h */,
				80E2B5CA13FA0A53001AE546 /* asn1.h */,
				80E2B5CB13FA0A53001AE546 /* asn1_mac.h */,
				80E2B5CC13FA0A53001AE546 /* asn1t.h */,
				80E2B5CD13FA0A53001AE546 /* bio.h */,
				80E2B5CE13FA0A53001AE546 /* blowfish.h */,
				80E2B5CF13FA0A53001AE546 /* bn.h */,
				80E2B5D013FA0A53001AE546 /* buffer.h */,
				80E2B5D113FA0A53001AE546 /* cast.h */,
				80E2B5D213FA0A53001AE546 /* comp.h */,
				80E2B5D313FA0A53001AE546 /* conf.h */,
				80E2B5D413FA0A53001AE546 /* conf_api.h */,
				80E2B5D513FA0A53001AE546 /* crypto.h */,
				80E2B5D613FA0A53001AE546 /* des.h */,
				80E2B5D713FA0A53001AE546 /* des_old.h */,
				80E2B5D813FA0A53001AE546 /* dh.h */,
				80E2B5D913FA0A53001AE546 /* dsa.h */,
				80E2B5DA13FA0A53001AE546 /* dso.h */,
				80E2B5DB13FA0A53001AE546 /* e_os2.h */,
				80E2B5DC13FA0A53001AE546 /* ebcdic.h */,
				80E2B5DD13FA0A53001AE546 /* ec.h */,
				80E2B5DE13FA0A53001AE546 /* engine.h */,
				80E2B5DF13FA0A53001AE546 /* err.h */,
				80E2B5E013FA0A53001AE546 /* evp.h */,
				80E2B5E113FA0A53001AE546 /* hmac.h */,
				80E2B5E213FA0A53001AE546 /* krb5_asn.h */,
				80E2B5E313FA0A53001AE546 /* kssl.h */,
				80E2B5E413FA0A53001AE546 /* lhash.h */,
				80E2B5E513FA0A53001AE546 /* md2.h */,
				80E2B5E613FA0A53001AE546 /* md4.h */,
				80E2B5E713FA0A53001AE546 /* md5.h */,
				80E2B5E813FA0A53001AE546 /* mdc2.h */,
				80E2B5E913FA0A53001AE546 /* obj_mac.h */,
				80E2B5EA13FA0A53001AE546 /* objects.h */,
				80E2B5EB13FA0A53001AE546 /* ocsp.h */,
				80E2B5EC13FA0A53001AE546 /* opensslconf.h */,
				80E2B5ED13FA0A53001AE546 /* opensslv.h */,
				80E2B5EE13FA0A53001AE546 /* ossl_typ.h */,
				80E2B5EF13FA0A53001AE546 /* pem.h */,
				80E2B5F013FA0A53001AE546 /* pem2.h */,
				80E2B5F113FA0A53001AE546 /* pkcs12.h */,
				80E2B5F213FA0A53001AE546 /* pkcs7.h */,
				80E2B5F313FA0A53001AE546 /* rand.h */,
				80E2B5F413FA0A53001AE546 /* rc2.h */,
				80E2B5F513FA0A53001AE546 /* rc4.h */,
				80E2B5F613FA0A53001AE546 /* rc5.h */,
				80E2B5F713FA0A53001AE546 /* ripemd.h */,
				80E2B5F813FA0A53001AE546 /* rsa.h */,
				80E2B5F913FA0A53001AE546 /* safestack.h */,
				80E2B5FA13FA0A53001AE546 /* sha.h */,
				80E2B5FB13FA0A53001AE546 /* ssl.h */,
				80E2B5FC13FA0A53001AE546 /* ssl2.h */,
				80E2B5FD13FA0A53001AE546 /* ssl23.h */,
				80E2B5FE13FA0A53001AE546 /* ssl3.h */,
				80E2B5FF13FA0A53001AE546 /* stack.h */,
				80E2B60013FA0A53001AE546 /* symhacks.h */,
				80E2B60113FA0A53001AE546 /* tls1.h */,
				80E2B60213FA0A53001AE546 /* tmdiff.h */,
				80E2B60313FA0A53001AE546 /* txt_db.h */,
				80E2B60413FA0A53001AE546 /* ui.h */,
				80E2B60513FA0A53001AE546 /* ui_compat.h */,
				80E2B60613FA0A53001AE546 /* x509.h */,
				80E2B60713FA0A53001AE546 /* x509_vfy.h */,
				80E2B60813FA0A53001AE546 /* x509v3.h */,
			);
			name = openssl;
			path = libcrypto_097_from_10_5_sdk/openssl;
			sourceTree = "<group>";
		};
		80E2B64913FA0AFE001AE546 /* libssh2 */ = {
			isa = PBXGroup;
			children = (
				80E2B69513FA0B4F001AE546 /* include */,
				80E2B64A13FA0B42001AE546 /* src */,
			);
			path = libssh2;
			sourceTree = "<group>";
		};
		80E2B64A13FA0B42001AE546 /* src */ = {
			isa = PBXGroup;
			children = (
				80E2B64B13FA0B42001AE546 /* agent.c */,
				80E2B64C13FA0B42001AE546 /* channel.c */,
				80E2B64D13FA0B42001AE546 /* channel.h */,
				80E2B64E13FA0B42001AE546 /* comp.c */,
				80E2B64F13FA0B42001AE546 /* comp.h */,
				80E2B65013FA0B42001AE546 /* crypt.c */,
				80E2B65113FA0B42001AE546 /* crypto.h */,
				80E2B65213FA0B42001AE546 /* global.c */,
				80E2B65313FA0B42001AE546 /* hostkey.c */,
				80E2B65413FA0B42001AE546 /* keepalive.c */,
				80E2B65513FA0B42001AE546 /* kex.c */,
				80E2B65613FA0B42001AE546 /* knownhost.c */,
				80E2B65713FA0B42001AE546 /* libgcrypt.c */,
				80E2B65813FA0B42001AE546 /* libgcrypt.h */,
				80E2B69D13FA0C99001AE546 /* libssh2_config.h */,
				80E2B65A13FA0B42001AE546 /* libssh2_priv.h */,
				80E2B65B13FA0B42001AE546 /* mac.c */,
				80E2B65C13FA0B42001AE546 /* mac.h */,
				80E2B65F13FA0B42001AE546 /* misc.c */,
				80E2B66013FA0B42001AE546 /* misc.h */,
				80E2B66213FA0B42001AE546 /* openssl.c */,
				80E2B66313FA0B42001AE546 /* openssl.h */,
				80E2B66413FA0B42001AE546 /* packet.c */,
				80E2B66513FA0B42001AE546 /* packet.h */,
				80E2B66613FA0B42001AE546 /* pem.c */,
				80E2B66713FA0B42001AE546 /* publickey.c */,
				80E2B66813FA0B42001AE546 /* scp.c */,
				80E2B66913FA0B42001AE546 /* session.c */,
				80E2B66A13FA0B42001AE546 /* session.h */,
				80E2B66B13FA0B42001AE546 /* sftp.c */,
				80E2B66C13FA0B42001AE546 /* sftp.h */,
				80E2B66D13FA0B42001AE546 /* transport.c */,
				80E2B66E13FA0B42001AE546 /* transport.h */,
				80E2B66F13FA0B42001AE546 /* userauth.c */,
				80E2B67013FA0B42001AE546 /* userauth.h */,
				80E2B67113FA0B42001AE546 /* version.c */,
			);
			path = src;
			sourceTree = "<group>";
		};
		80E2B69513FA0B4F001AE546 /* include */ = {
			isa = PBXGroup;
			children = (
				80E2B69613FA0B4F001AE546 /* libssh2.h */,
				80E2B69713FA0B4F001AE546 /* libssh2_publickey.h */,
				80E2B69813FA0B4F001AE546 /* libssh2_sftp.h */,
			);
			path = include;
			sourceTree = "<group>";
		};
/* End PBXGroup section */

/* Begin PBXHeadersBuildPhase section */
		80E2B5B213FA07D2001AE546 /* Headers */ = {
			isa = PBXHeadersBuildPhase;
			buildActionMask = 2147483647;
			files = (
			);
			runOnlyForDeploymentPostprocessing = 0;
		};
/* End PBXHeadersBuildPhase section */

/* Begin PBXNativeTarget section */
		80E2B5B313FA07D2001AE546 /* libssh2 */ = {
			isa = PBXNativeTarget;
			buildConfigurationList = 80E2B5B813FA07D2001AE546 /* Build configuration list for PBXNativeTarget "libssh2" */;
			buildPhases = (
				80E2B5C213FA08EA001AE546 /* ShellScript */,
				80DDB43513FB51A1005A734B /* ShellScript */,
				80E2B5B013FA07D2001AE546 /* Sources */,
				80E2B5B113FA07D2001AE546 /* Frameworks */,
				80E2B5B213FA07D2001AE546 /* Headers */,
				80DDB44213FB5324005A734B /* ShellScript */,
			);
			buildRules = (
			);
			dependencies = (
			);
			name = libssh2;
			productName = libssh2;
			productReference = 80E2B5B413FA07D2001AE546 /* libssh2.dylib */;
			productType = "com.apple.product-type.library.dynamic";
		};
/* End PBXNativeTarget section */

/* Begin PBXProject section */
		80E2B5AB13FA07D2001AE546 /* Project object */ = {
			isa = PBXProject;
			attributes = {
				LastUpgradeCheck = 0410;
				ORGANIZATIONNAME = "Hey Daddio!";
			};
			buildConfigurationList = 80E2B5AE13FA07D2001AE546 /* Build configuration list for PBXProject "libssh2" */;
			compatibilityVersion = "Xcode 3.2";
			developmentRegion = English;
			hasScannedForEncodings = 0;
			knownRegions = (
				en,
			);
			mainGroup = 80E2B5A913FA07D2001AE546;
			productRefGroup = 80E2B5B513FA07D2001AE546 /* Products */;
			projectDirPath = "";
			projectRoot = "";
			targets = (
				80E2B5B313FA07D2001AE546 /* libssh2 */,
			);
		};
/* End PBXProject section */

/* Begin PBXShellScriptBuildPhase section */
		80DDB43513FB51A1005A734B /* ShellScript */ = {
			isa = PBXShellScriptBuildPhase;
			buildActionMask = 2147483647;
			files = (
			);
			inputPaths = (
			);
			outputPaths = (
			);
			runOnlyForDeploymentPostprocessing = 0;
			shellPath = /bin/bash;
			shellScript = "cd libssh2\n./configure >> log\nexit 0\n";
		};
		80DDB44213FB5324005A734B /* ShellScript */ = {
			isa = PBXShellScriptBuildPhase;
			buildActionMask = 2147483647;
			files = (
			);
			inputPaths = (
			);
			outputPaths = (
			);
			runOnlyForDeploymentPostprocessing = 0;
			shellPath = /bin/bash;
			shellScript = "cp \"${CONFIGURATION_BUILD_DIR}/libssh2.dylib\" \"${SRCROOT}/libssh2.dylib\"\nexit 0\n";
		};
		80E2B5C213FA08EA001AE546 /* ShellScript */ = {
			isa = PBXShellScriptBuildPhase;
			buildActionMask = 2147483647;
			files = (
			);
			inputPaths = (
			);
			outputPaths = (
			);
			runOnlyForDeploymentPostprocessing = 0;
			shellPath = /bin/bash;
			shellScript = "cd libssh2\n./buildconf > log\nexit 0\n";
		};
/* End PBXShellScriptBuildPhase section */

/* Begin PBXSourcesBuildPhase section */
		80E2B5B013FA07D2001AE546 /* Sources */ = {
			isa = PBXSourcesBuildPhase;
			buildActionMask = 2147483647;
			files = (
				80E2B67213FA0B42001AE546 /* agent.c in Sources */,
				80E2B67313FA0B42001AE546 /* channel.c in Sources */,
				80E2B67513FA0B42001AE546 /* comp.c in Sources */,
				80E2B67713FA0B42001AE546 /* crypt.c in Sources */,
				80E2B67913FA0B42001AE546 /* global.c in Sources */,
				80E2B67A13FA0B42001AE546 /* hostkey.c in Sources */,
				80E2B67B13FA0B42001AE546 /* keepalive.c in Sources */,
				80E2B67C13FA0B42001AE546 /* kex.c in Sources */,
				80E2B67D13FA0B42001AE546 /* knownhost.c in Sources */,
				80E2B67E13FA0B42001AE546 /* libgcrypt.c in Sources */,
				80E2B68113FA0B42001AE546 /* mac.c in Sources */,
				80E2B68313FA0B42001AE546 /* misc.c in Sources */,
				80E2B68513FA0B42001AE546 /* openssl.c in Sources */,
				80E2B68713FA0B42001AE546 /* packet.c in Sources */,
				80E2B68913FA0B42001AE546 /* pem.c in Sources */,
				80E2B68A13FA0B42001AE546 /* publickey.c in Sources */,
				80E2B68B13FA0B42001AE546 /* scp.c in Sources */,
				80E2B68C13FA0B42001AE546 /* session.c in Sources */,
				80E2B68E13FA0B42001AE546 /* sftp.c in Sources */,
				80E2B69013FA0B42001AE546 /* transport.c in Sources */,
				80E2B69213FA0B42001AE546 /* userauth.c in Sources */,
				80E2B69413FA0B42001AE546 /* version.c in Sources */,
			);
			runOnlyForDeploymentPostprocessing = 0;
		};
/* End PBXSourcesBuildPhase section */

/* Begin XCBuildConfiguration section */
		80E2B5B613FA07D2001AE546 /* Debug */ = {
			isa = XCBuildConfiguration;
			buildSettings = {
				ARCHS = (
					ppc,
					i386,
					x86_64,
				);
				COPY_PHASE_STRIP = NO;
				GCC_C_LANGUAGE_STANDARD = gnu99;
				GCC_DYNAMIC_NO_PIC = NO;
				GCC_ENABLE_OBJC_EXCEPTIONS = YES;
				GCC_OPTIMIZATION_LEVEL = 0;
				GCC_PREPROCESSOR_DEFINITIONS = (
					"DEBUG=1",
					"$(inherited)",
				);
				GCC_SYMBOLS_PRIVATE_EXTERN = NO;
				GCC_VERSION = com.apple.compilers.llvmgcc42;
				GCC_WARN_64_TO_32_BIT_CONVERSION = YES;
				GCC_WARN_ABOUT_MISSING_PROTOTYPES = YES;
				GCC_WARN_ABOUT_RETURN_TYPE = YES;
				GCC_WARN_UNUSED_VARIABLE = YES;
				HEADER_SEARCH_PATHS = libcrypto_097_from_10_5_sdk;
				INSTALL_PATH = "@rpath";
				MACOSX_DEPLOYMENT_TARGET = 10.5;
				ONLY_ACTIVE_ARCH = NO;
				SDKROOT = macosx10.6;
				USER_HEADER_SEARCH_PATHS = libssh2/include;
				VALID_ARCHS = "ppc i386 x86_64";
			};
			name = Debug;
		};
		80E2B5B713FA07D2001AE546 /* Release */ = {
			isa = XCBuildConfiguration;
			buildSettings = {
				ARCHS = (
					ppc,
					i386,
					x86_64,
				);
				COPY_PHASE_STRIP = YES;
				DEBUG_INFORMATION_FORMAT = "dwarf-with-dsym";
				GCC_C_LANGUAGE_STANDARD = gnu99;
				GCC_ENABLE_OBJC_EXCEPTIONS = YES;
				GCC_VERSION = com.apple.compilers.llvmgcc42;
				GCC_WARN_64_TO_32_BIT_CONVERSION = YES;
				GCC_WARN_ABOUT_MISSING_PROTOTYPES = YES;
				GCC_WARN_ABOUT_RETURN_TYPE = YES;
				GCC_WARN_UNUSED_VARIABLE = YES;
				HEADER_SEARCH_PATHS = libcrypto_097_from_10_5_sdk;
				INSTALL_PATH = "@rpath";
				MACOSX_DEPLOYMENT_TARGET = 10.5;
				SDKROOT = macosx10.6;
				USER_HEADER_SEARCH_PATHS = libssh2/include;
				VALID_ARCHS = "ppc i386 x86_64";
			};
			name = Release;
		};
		80E2B5B913FA07D2001AE546 /* Debug */ = {
			isa = XCBuildConfiguration;
			buildSettings = {
				LIBRARY_SEARCH_PATHS = (
					"$(inherited)",
					"\"$(SRCROOT)/libcrypto_097_from_10_5_sdk\"",
				);
				PRODUCT_NAME = "$(TARGET_NAME)";
			};
			name = Debug;
		};
		80E2B5BA13FA07D2001AE546 /* Release */ = {
			isa = XCBuildConfiguration;
			buildSettings = {
				LIBRARY_SEARCH_PATHS = (
					"$(inherited)",
					"\"$(SRCROOT)/libcrypto_097_from_10_5_sdk\"",
				);
				PRODUCT_NAME = "$(TARGET_NAME)";
			};
			name = Release;
		};
/* End XCBuildConfiguration section */

/* Begin XCConfigurationList section */
		80E2B5AE13FA07D2001AE546 /* Build configuration list for PBXProject "libssh2" */ = {
			isa = XCConfigurationList;
			buildConfigurations = (
				80E2B5B613FA07D2001AE546 /* Debug */,
				80E2B5B713FA07D2001AE546 /* Release */,
			);
			defaultConfigurationIsVisible = 0;
			defaultConfigurationName = Release;
		};
		80E2B5B813FA07D2001AE546 /* Build configuration list for PBXNativeTarget "libssh2" */ = {
			isa = XCConfigurationList;
			buildConfigurations = (
				80E2B5B913FA07D2001AE546 /* Debug */,
				80E2B5BA13FA07D2001AE546 /* Release */,
			);
			defaultConfigurationIsVisible = 0;
			defaultConfigurationName = Release;
		};
/* End XCConfigurationList section */
	};
	rootObject = 80E2B5AB13FA07D2001AE546 /* Project object */;
}
