// !$*UTF8*$!
{
	archiveVersion = 1;
	classes = {
	};
	objectVersion = 46;
	objects = {

/* Begin PBXAggregateTarget section */
		5F4BE3A116CEE3620093EB12 /* openssl-darwin */ = {
			isa = PBXAggregateTarget;
			buildConfigurationList = 5F4BE3A216CEE3620093EB12 /* Build configuration list for PBXAggregateTarget "openssl-darwin" */;
			buildPhases = (
				5F4BE3A516CEE3800093EB12 /* ShellScript */,
			);
			dependencies = (
			);
			name = "openssl-darwin";
			productName = "openssl-darwin-i386";
		};
		5FA8244916CF17EE00D25860 /* openssl-iphoneos */ = {
			isa = PBXAggregateTarget;
			buildConfigurationList = 5FA8244B16CF17EE00D25860 /* Build configuration list for PBXAggregateTarget "openssl-iphoneos" */;
			buildPhases = (
				5FA8244A16CF17EE00D25860 /* ShellScript */,
			);
			dependencies = (
			);
			name = "openssl-iphoneos";
			productName = "openssl-darwin-i386";
		};
/* End PBXAggregateTarget section */

/* Begin PBXContainerItemProxy section */
		5F29BE6F16D4682000DDA382 /* PBXContainerItemProxy */ = {
			isa = PBXContainerItemProxy;
			containerPortal = 5FEEF33C16CEA491002C1CBF /* Project object */;
			proxyType = 1;
			remoteGlobalIDString = 5F4BE3A116CEE3620093EB12;
			remoteInfo = "openssl-darwin";
		};
		5FA8243116CF0B6300D25860 /* PBXContainerItemProxy */ = {
			isa = PBXContainerItemProxy;
			containerPortal = 5FEEF33C16CEA491002C1CBF /* Project object */;
			proxyType = 1;
			remoteGlobalIDString = 5F4BE3A116CEE3620093EB12;
			remoteInfo = "openssl-darwin-i386";
		};
/* End PBXContainerItemProxy section */

/* Begin PBXFileReference section */
		5F4BE36116CEE11C0093EB12 /* libssl.dylib */ = {isa = PBXFileReference; explicitFileType = "compiled.mach-o.dylib"; includeInIndex = 0; path = libssl.dylib; sourceTree = BUILT_PRODUCTS_DIR; };
		5F4BE37516CEE1270093EB12 /* libcrypto.dylib */ = {isa = PBXFileReference; explicitFileType = "compiled.mach-o.dylib"; includeInIndex = 0; path = libcrypto.dylib; sourceTree = BUILT_PRODUCTS_DIR; };
		5F4BE38416CEE1390093EB12 /* libssl-iOS.a */ = {isa = PBXFileReference; explicitFileType = archive.ar; includeInIndex = 0; path = "libssl-iOS.a"; sourceTree = BUILT_PRODUCTS_DIR; };
		5F4BE39516CEE1460093EB12 /* libcrypto-iOS.a */ = {isa = PBXFileReference; explicitFileType = archive.ar; includeInIndex = 0; path = "libcrypto-iOS.a"; sourceTree = BUILT_PRODUCTS_DIR; };
		5FA8246E16D00FC400D25860 /* build-openssl-darwin.sh */ = {isa = PBXFileReference; lastKnownFileType = text.script.sh; path = "build-openssl-darwin.sh"; sourceTree = "<group>"; };
		5FA8246F16D00FC400D25860 /* build-openssl-iphoneos.sh */ = {isa = PBXFileReference; lastKnownFileType = text.script.sh; path = "build-openssl-iphoneos.sh"; sourceTree = "<group>"; };
/* End PBXFileReference section */

/* Begin PBXGroup section */
		5FA8246B16CFD9E800D25860 /* Scripts */ = {
			isa = PBXGroup;
			children = (
				5FA8246E16D00FC400D25860 /* build-openssl-darwin.sh */,
				5FA8246F16D00FC400D25860 /* build-openssl-iphoneos.sh */,
			);
			name = Scripts;
			sourceTree = "<group>";
		};
		5FEEF33B16CEA491002C1CBF = {
			isa = PBXGroup;
			children = (
				5FA8246B16CFD9E800D25860 /* Scripts */,
				5FEEF34616CEA491002C1CBF /* Frameworks */,
				5FEEF34516CEA491002C1CBF /* Products */,
			);
			sourceTree = "<group>";
		};
		5FEEF34516CEA491002C1CBF /* Products */ = {
			isa = PBXGroup;
			children = (
				5F4BE36116CEE11C0093EB12 /* libssl.dylib */,
				5F4BE37516CEE1270093EB12 /* libcrypto.dylib */,
				5F4BE38416CEE1390093EB12 /* libssl-iOS.a */,
				5F4BE39516CEE1460093EB12 /* libcrypto-iOS.a */,
			);
			name = Products;
			sourceTree = "<group>";
		};
		5FEEF34616CEA491002C1CBF /* Frameworks */ = {
			isa = PBXGroup;
			children = (
			);
			name = Frameworks;
			sourceTree = "<group>";
		};
/* End PBXGroup section */

/* Begin PBXNativeTarget section */
		5F4BE36016CEE11C0093EB12 /* ssl */ = {
			isa = PBXNativeTarget;
			buildConfigurationList = 5F4BE36E16CEE11C0093EB12 /* Build configuration list for PBXNativeTarget "ssl" */;
			buildPhases = (
				5FA8240316CEF9AD00D25860 /* ShellScript */,
			);
			buildRules = (
			);
			dependencies = (
				5F29BE7016D4682000DDA382 /* PBXTargetDependency */,
			);
			name = ssl;
			productName = ssl;
			productReference = 5F4BE36116CEE11C0093EB12 /* libssl.dylib */;
			productType = "com.apple.product-type.library.dynamic";
		};
		5F4BE37416CEE1270093EB12 /* crypto */ = {
			isa = PBXNativeTarget;
			buildConfigurationList = 5F4BE37D16CEE1270093EB12 /* Build configuration list for PBXNativeTarget "crypto" */;
			buildPhases = (
				5FA8243016CF0AC800D25860 /* ShellScript */,
			);
			buildRules = (
			);
			dependencies = (
				5FA8243216CF0B6300D25860 /* PBXTargetDependency */,
			);
			name = crypto;
			productName = crypto;
			productReference = 5F4BE37516CEE1270093EB12 /* libcrypto.dylib */;
			productType = "com.apple.product-type.library.dynamic";
		};
		5F4BE38316CEE1390093EB12 /* ssl-iOS */ = {
			isa = PBXNativeTarget;
			buildConfigurationList = 5F4BE38E16CEE13A0093EB12 /* Build configuration list for PBXNativeTarget "ssl-iOS" */;
			buildPhases = (
			);
			buildRules = (
			);
			dependencies = (
			);
			name = "ssl-iOS";
			productName = "ssl-iOS";
			productReference = 5F4BE38416CEE1390093EB12 /* libssl-iOS.a */;
			productType = "com.apple.product-type.library.static";
		};
		5F4BE39416CEE1460093EB12 /* crypto-iOS */ = {
			isa = PBXNativeTarget;
			buildConfigurationList = 5F4BE39E16CEE1460093EB12 /* Build configuration list for PBXNativeTarget "crypto-iOS" */;
			buildPhases = (
			);
			buildRules = (
			);
			dependencies = (
			);
			name = "crypto-iOS";
			productName = "crypto-iOS";
			productReference = 5F4BE39516CEE1460093EB12 /* libcrypto-iOS.a */;
			productType = "com.apple.product-type.library.static";
		};
/* End PBXNativeTarget section */

/* Begin PBXProject section */
		5FEEF33C16CEA491002C1CBF /* Project object */ = {
			isa = PBXProject;
			attributes = {
				LastUpgradeCheck = 0460;
			};
			buildConfigurationList = 5FEEF33F16CEA491002C1CBF /* Build configuration list for PBXProject "OpenSSL" */;
			compatibilityVersion = "Xcode 3.2";
			developmentRegion = English;
			hasScannedForEncodings = 0;
			knownRegions = (
				en,
			);
			mainGroup = 5FEEF33B16CEA491002C1CBF;
			productRefGroup = 5FEEF34516CEA491002C1CBF /* Products */;
			projectDirPath = "";
			projectRoot = "";
			targets = (
				5F4BE37416CEE1270093EB12 /* crypto */,
				5F4BE36016CEE11C0093EB12 /* ssl */,
				5F4BE39416CEE1460093EB12 /* crypto-iOS */,
				5F4BE38316CEE1390093EB12 /* ssl-iOS */,
				5F4BE3A116CEE3620093EB12 /* openssl-darwin */,
				5FA8244916CF17EE00D25860 /* openssl-iphoneos */,
			);
		};
/* End PBXProject section */

/* Begin PBXShellScriptBuildPhase section */
		5F4BE3A516CEE3800093EB12 /* ShellScript */ = {
			isa = PBXShellScriptBuildPhase;
			buildActionMask = 2147483647;
			files = (
			);
			inputPaths = (
			);
			outputPaths = (
			);
			runOnlyForDeploymentPostprocessing = 0;
			shellPath = /bin/bash;
			shellScript = "/Users/skerfat/Projects/libssh2_sftp-Cocoa-wrapper/build-openssl-darwin.sh";
		};
		5FA8240316CEF9AD00D25860 /* ShellScript */ = {
			isa = PBXShellScriptBuildPhase;
			buildActionMask = 2147483647;
			files = (
			);
			inputPaths = (
			);
			outputPaths = (
			);
			runOnlyForDeploymentPostprocessing = 0;
			shellPath = /bin/bash;
			shellScript = "# Copy dylib.\ncd \"${CONFIGURATION_TEMP_DIR}\"\ncp -f  libssl.dylib         \"${BUILT_PRODUCTS_DIR}\"\ncp -Rf libssl.dylib.dSYM    \"${BUILT_PRODUCTS_DIR}\"\n\n# Copy headers.\ncp -fRL include/ \"${BUILT_PRODUCTS_DIR}/${PUBLIC_HEADERS_FOLDER_PATH}\"\n";
		};
		5FA8243016CF0AC800D25860 /* ShellScript */ = {
			isa = PBXShellScriptBuildPhase;
			buildActionMask = 2147483647;
			files = (
			);
			inputPaths = (
			);
			outputPaths = (
			);
			runOnlyForDeploymentPostprocessing = 0;
			shellPath = /bin/bash;
			shellScript = "# Copy dylib.\ncd \"${CONFIGURATION_TEMP_DIR}\"\ncp -f  libcrypto.dylib         \"${BUILT_PRODUCTS_DIR}\"\ncp -Rf libcrypto.dylib.dSYM    \"${BUILT_PRODUCTS_DIR}\"\n\n# Copy headers.\ncp -fRL include/ \"${BUILT_PRODUCTS_DIR}/${PUBLIC_HEADERS_FOLDER_PATH}\"\n";
		};
		5FA8244A16CF17EE00D25860 /* ShellScript */ = {
			isa = PBXShellScriptBuildPhase;
			buildActionMask = 2147483647;
			files = (
			);
			inputPaths = (
			);
			outputPaths = (
			);
			runOnlyForDeploymentPostprocessing = 0;
			shellPath = /bin/bash;
			shellScript = "/Users/skerfat/Projects/libssh2_sftp-Cocoa-wrapper/build-openssl-iphoneos.sh";
		};
/* End PBXShellScriptBuildPhase section */

/* Begin PBXTargetDependency section */
		5F29BE7016D4682000DDA382 /* PBXTargetDependency */ = {
			isa = PBXTargetDependency;
			target = 5F4BE3A116CEE3620093EB12 /* openssl-darwin */;
			targetProxy = 5F29BE6F16D4682000DDA382 /* PBXContainerItemProxy */;
		};
		5FA8243216CF0B6300D25860 /* PBXTargetDependency */ = {
			isa = PBXTargetDependency;
			target = 5F4BE3A116CEE3620093EB12 /* openssl-darwin */;
			targetProxy = 5FA8243116CF0B6300D25860 /* PBXContainerItemProxy */;
		};
/* End PBXTargetDependency section */

/* Begin XCBuildConfiguration section */
		5F4BE36F16CEE11C0093EB12 /* Debug */ = {
			isa = XCBuildConfiguration;
			buildSettings = {
				ARCHS = "$(ARCHS_STANDARD_32_64_BIT)";
				DYLIB_COMPATIBILITY_VERSION = 1;
				DYLIB_CURRENT_VERSION = 1;
				EXECUTABLE_PREFIX = lib;
				PRIVATE_HEADERS_FOLDER_PATH = include;
				PRODUCT_NAME = "$(TARGET_NAME)";
				PUBLIC_HEADERS_FOLDER_PATH = include;
			};
			name = Debug;
		};
		5F4BE37016CEE11C0093EB12 /* Release */ = {
			isa = XCBuildConfiguration;
			buildSettings = {
				ARCHS = "$(ARCHS_STANDARD_32_64_BIT)";
				DYLIB_COMPATIBILITY_VERSION = 1;
				DYLIB_CURRENT_VERSION = 1;
				EXECUTABLE_PREFIX = lib;
				PRIVATE_HEADERS_FOLDER_PATH = include;
				PRODUCT_NAME = "$(TARGET_NAME)";
				PUBLIC_HEADERS_FOLDER_PATH = include;
			};
			name = Release;
		};
		5F4BE37E16CEE1270093EB12 /* Debug */ = {
			isa = XCBuildConfiguration;
			buildSettings = {
				ARCHS = "$(ARCHS_STANDARD_32_64_BIT)";
				DYLIB_COMPATIBILITY_VERSION = 1;
				DYLIB_CURRENT_VERSION = 1;
				EXECUTABLE_PREFIX = lib;
				PRIVATE_HEADERS_FOLDER_PATH = include;
				PRODUCT_NAME = "$(TARGET_NAME)";
				PUBLIC_HEADERS_FOLDER_PATH = include;
			};
			name = Debug;
		};
		5F4BE37F16CEE1270093EB12 /* Release */ = {
			isa = XCBuildConfiguration;
			buildSettings = {
				ARCHS = "$(ARCHS_STANDARD_32_64_BIT)";
				DYLIB_COMPATIBILITY_VERSION = 1;
				DYLIB_CURRENT_VERSION = 1;
				EXECUTABLE_PREFIX = lib;
				PRIVATE_HEADERS_FOLDER_PATH = include;
				PRODUCT_NAME = "$(TARGET_NAME)";
				PUBLIC_HEADERS_FOLDER_PATH = include;
			};
			name = Release;
		};
		5F4BE38F16CEE13A0093EB12 /* Debug */ = {
			isa = XCBuildConfiguration;
			buildSettings = {
				DSTROOT = /tmp/ssl_iOS.dst;
				IPHONEOS_DEPLOYMENT_TARGET = 6.1;
				OTHER_LDFLAGS = "-ObjC";
				PRIVATE_HEADERS_FOLDER_PATH = include;
				PRODUCT_NAME = "$(TARGET_NAME)";
				PUBLIC_HEADERS_FOLDER_PATH = include;
				SDKROOT = iphoneos;
				SKIP_INSTALL = YES;
			};
			name = Debug;
		};
		5F4BE39016CEE13A0093EB12 /* Release */ = {
			isa = XCBuildConfiguration;
			buildSettings = {
				DSTROOT = /tmp/ssl_iOS.dst;
				IPHONEOS_DEPLOYMENT_TARGET = 6.1;
				OTHER_LDFLAGS = "-ObjC";
				PRIVATE_HEADERS_FOLDER_PATH = include;
				PRODUCT_NAME = "$(TARGET_NAME)";
				PUBLIC_HEADERS_FOLDER_PATH = include;
				SDKROOT = iphoneos;
				SKIP_INSTALL = YES;
				VALIDATE_PRODUCT = YES;
			};
			name = Release;
		};
		5F4BE39F16CEE1460093EB12 /* Debug */ = {
			isa = XCBuildConfiguration;
			buildSettings = {
				DSTROOT = /tmp/crypto_iOS.dst;
				IPHONEOS_DEPLOYMENT_TARGET = 6.1;
				OTHER_LDFLAGS = "-ObjC";
				PRIVATE_HEADERS_FOLDER_PATH = include;
				PRODUCT_NAME = "$(TARGET_NAME)";
				PUBLIC_HEADERS_FOLDER_PATH = include;
				SDKROOT = iphoneos;
				SKIP_INSTALL = YES;
			};
			name = Debug;
		};
		5F4BE3A016CEE1460093EB12 /* Release */ = {
			isa = XCBuildConfiguration;
			buildSettings = {
				DSTROOT = /tmp/crypto_iOS.dst;
				IPHONEOS_DEPLOYMENT_TARGET = 6.1;
				OTHER_LDFLAGS = "-ObjC";
				PRIVATE_HEADERS_FOLDER_PATH = include;
				PRODUCT_NAME = "$(TARGET_NAME)";
				PUBLIC_HEADERS_FOLDER_PATH = include;
				SDKROOT = iphoneos;
				SKIP_INSTALL = YES;
				VALIDATE_PRODUCT = YES;
			};
			name = Release;
		};
		5F4BE3A316CEE3620093EB12 /* Debug */ = {
			isa = XCBuildConfiguration;
			buildSettings = {
				PRODUCT_NAME = "openssl-darwin";
			};
			name = Debug;
		};
		5F4BE3A416CEE3620093EB12 /* Release */ = {
			isa = XCBuildConfiguration;
			buildSettings = {
				PRODUCT_NAME = "openssl-darwin";
			};
			name = Release;
		};
		5FA8244C16CF17EE00D25860 /* Debug */ = {
			isa = XCBuildConfiguration;
			buildSettings = {
				PRODUCT_NAME = "openssl-iphoneos";
			};
			name = Debug;
		};
		5FA8244D16CF17EE00D25860 /* Release */ = {
			isa = XCBuildConfiguration;
			buildSettings = {
				PRODUCT_NAME = "openssl-iphoneos";
			};
			name = Release;
		};
		5FEEF35316CEA491002C1CBF /* Debug */ = {
			isa = XCBuildConfiguration;
			buildSettings = {
				ALWAYS_SEARCH_USER_PATHS = NO;
				CLANG_CXX_LANGUAGE_STANDARD = "gnu++0x";
				CLANG_CXX_LIBRARY = "libc++";
				CLANG_WARN_CONSTANT_CONVERSION = YES;
				CLANG_WARN_EMPTY_BODY = YES;
				CLANG_WARN_ENUM_CONVERSION = YES;
				CLANG_WARN_INT_CONVERSION = YES;
				CLANG_WARN__DUPLICATE_METHOD_MATCH = YES;
				COPY_PHASE_STRIP = NO;
				GCC_C_LANGUAGE_STANDARD = gnu99;
				GCC_DYNAMIC_NO_PIC = NO;
				GCC_ENABLE_OBJC_EXCEPTIONS = YES;
				GCC_OPTIMIZATION_LEVEL = 0;
				GCC_PREPROCESSOR_DEFINITIONS = (
					"DEBUG=1",
					"$(inherited)",
				);
				GCC_SYMBOLS_PRIVATE_EXTERN = NO;
				GCC_WARN_64_TO_32_BIT_CONVERSION = YES;
				GCC_WARN_ABOUT_RETURN_TYPE = YES;
				GCC_WARN_UNINITIALIZED_AUTOS = YES;
				GCC_WARN_UNUSED_VARIABLE = YES;
				MACOSX_DEPLOYMENT_TARGET = 10.8;
				ONLY_ACTIVE_ARCH = YES;
				SDKROOT = macosx;
			};
			name = Debug;
		};
		5FEEF35416CEA491002C1CBF /* Release */ = {
			isa = XCBuildConfiguration;
			buildSettings = {
				ALWAYS_SEARCH_USER_PATHS = NO;
				CLANG_CXX_LANGUAGE_STANDARD = "gnu++0x";
				CLANG_CXX_LIBRARY = "libc++";
				CLANG_WARN_CONSTANT_CONVERSION = YES;
				CLANG_WARN_EMPTY_BODY = YES;
				CLANG_WARN_ENUM_CONVERSION = YES;
				CLANG_WARN_INT_CONVERSION = YES;
				CLANG_WARN__DUPLICATE_METHOD_MATCH = YES;
				COPY_PHASE_STRIP = YES;
				DEBUG_INFORMATION_FORMAT = "dwarf-with-dsym";
				GCC_C_LANGUAGE_STANDARD = gnu99;
				GCC_ENABLE_OBJC_EXCEPTIONS = YES;
				GCC_WARN_64_TO_32_BIT_CONVERSION = YES;
				GCC_WARN_ABOUT_RETURN_TYPE = YES;
				GCC_WARN_UNINITIALIZED_AUTOS = YES;
				GCC_WARN_UNUSED_VARIABLE = YES;
				MACOSX_DEPLOYMENT_TARGET = 10.8;
				SDKROOT = macosx;
			};
			name = Release;
		};
/* End XCBuildConfiguration section */

/* Begin XCConfigurationList section */
		5F4BE36E16CEE11C0093EB12 /* Build configuration list for PBXNativeTarget "ssl" */ = {
			isa = XCConfigurationList;
			buildConfigurations = (
				5F4BE36F16CEE11C0093EB12 /* Debug */,
				5F4BE37016CEE11C0093EB12 /* Release */,
			);
			defaultConfigurationIsVisible = 0;
			defaultConfigurationName = Release;
		};
		5F4BE37D16CEE1270093EB12 /* Build configuration list for PBXNativeTarget "crypto" */ = {
			isa = XCConfigurationList;
			buildConfigurations = (
				5F4BE37E16CEE1270093EB12 /* Debug */,
				5F4BE37F16CEE1270093EB12 /* Release */,
			);
			defaultConfigurationIsVisible = 0;
			defaultConfigurationName = Release;
		};
		5F4BE38E16CEE13A0093EB12 /* Build configuration list for PBXNativeTarget "ssl-iOS" */ = {
			isa = XCConfigurationList;
			buildConfigurations = (
				5F4BE38F16CEE13A0093EB12 /* Debug */,
				5F4BE39016CEE13A0093EB12 /* Release */,
			);
			defaultConfigurationIsVisible = 0;
			defaultConfigurationName = Release;
		};
		5F4BE39E16CEE1460093EB12 /* Build configuration list for PBXNativeTarget "crypto-iOS" */ = {
			isa = XCConfigurationList;
			buildConfigurations = (
				5F4BE39F16CEE1460093EB12 /* Debug */,
				5F4BE3A016CEE1460093EB12 /* Release */,
			);
			defaultConfigurationIsVisible = 0;
			defaultConfigurationName = Release;
		};
		5F4BE3A216CEE3620093EB12 /* Build configuration list for PBXAggregateTarget "openssl-darwin" */ = {
			isa = XCConfigurationList;
			buildConfigurations = (
				5F4BE3A316CEE3620093EB12 /* Debug */,
				5F4BE3A416CEE3620093EB12 /* Release */,
			);
			defaultConfigurationIsVisible = 0;
			defaultConfigurationName = Release;
		};
		5FA8244B16CF17EE00D25860 /* Build configuration list for PBXAggregateTarget "openssl-iphoneos" */ = {
			isa = XCConfigurationList;
			buildConfigurations = (
				5FA8244C16CF17EE00D25860 /* Debug */,
				5FA8244D16CF17EE00D25860 /* Release */,
			);
			defaultConfigurationIsVisible = 0;
			defaultConfigurationName = Release;
		};
		5FEEF33F16CEA491002C1CBF /* Build configuration list for PBXProject "OpenSSL" */ = {
			isa = XCConfigurationList;
			buildConfigurations = (
				5FEEF35316CEA491002C1CBF /* Debug */,
				5FEEF35416CEA491002C1CBF /* Release */,
			);
			defaultConfigurationIsVisible = 0;
			defaultConfigurationName = Release;
		};
/* End XCConfigurationList section */
	};
	rootObject = 5FEEF33C16CEA491002C1CBF /* Project object */;
}
